
Microsoft Visual Studio Solution File, Format Version 12.00
# Visual Studio Version 17
VisualStudioVersion = 17.3.32819.101
MinimumVisualStudioVersion = 10.0.40219.1
Project("{00D1A9C2-B5F0-4AF3-8072-F6C62B433612}") = "HotelAppDB", "HotelAppDB\HotelAppDB.sqlproj", "{615C9125-0165-4C60-BD4D-B1CB9C42257C}"
EndProject
Project("{9A19103F-16F7-4668-BE54-9A1E7A4F7556}") = "HotelAppLibrary", "HotelAppLibrary\HotelAppLibrary.csproj", "{53A31635-845F-48FC-AF30-C010D2E63090}"
EndProject
Project("{FAE04EC0-301F-11D3-BF4B-00C04F79EFBC}") = "HotelApp.Web", "HotelApp.Web\HotelApp.Web.csproj", "{A9F66A97-7872-4AC9-A8F0-5C44B158721B}"
EndProject
Global
	GlobalSection(SolutionConfigurationPlatforms) = preSolution
		Debug|Any CPU = Debug|Any CPU
		Release|Any CPU = Release|Any CPU
	EndGlobalSection
	GlobalSection(ProjectConfigurationPlatforms) = postSolution
		{615C9125-0165-4C60-BD4D-B1CB9C42257C}.Debug|Any CPU.ActiveCfg = Debug|Any CPU
		{615C9125-0165-4C60-BD4D-B1CB9C42257C}.Debug|Any CPU.Build.0 = Debug|Any CPU
		{615C9125-0165-4C60-BD4D-B1CB9C42257C}.Debug|Any CPU.Deploy.0 = Debug|Any CPU
		{615C9125-0165-4C60-BD4D-B1CB9C42257C}.Release|Any CPU.ActiveCfg = Release|Any CPU
		{615C9125-0165-4C60-BD4D-B1CB9C42257C}.Release|Any CPU.Build.0 = Release|Any CPU
		{615C9125-0165-4C60-BD4D-B1CB9C42257C}.Release|Any CPU.Deploy.0 = Release|Any CPU
		{53A31635-845F-48FC-AF30-C010D2E63090}.Debug|Any CPU.ActiveCfg = Debug|Any CPU
		{53A31635-845F-48FC-AF30-C010D2E63090}.Debug|Any CPU.Build.0 = Debug|Any CPU
		{53A31635-845F-48FC-AF30-C010D2E63090}.Release|Any CPU.ActiveCfg = Release|Any CPU
		{53A31635-845F-48FC-AF30-C010D2E63090}.Release|Any CPU.Build.0 = Release|Any CPU
		{A9F66A97-7872-4AC9-A8F0-5C44B158721B}.Debug|Any CPU.ActiveCfg = Debug|Any CPU
		{A9F66A97-7872-4AC9-A8F0-5C44B158721B}.Debug|Any CPU.Build.0 = Debug|Any CPU
		{A9F66A97-7872-4AC9-A8F0-5C44B158721B}.Release|Any CPU.ActiveCfg = Release|Any CPU
		{A9F66A97-7872-4AC9-A8F0-5C44B158721B}.Release|Any CPU.Build.0 = Release|Any CPU
	EndGlobalSection
	GlobalSection(SolutionProperties) = preSolution
		HideSolutionNode = FALSE
	EndGlobalSection
	GlobalSection(ExtensibilityGlobals) = postSolution
		SolutionGuid = {55B48F07-034E-4A31-8018-4D458BFE8525}
	EndGlobalSection
EndGlobal
